
Microsoft Visual Studio Solution File, Format Version 12.00
# Visual Studio Version 17
VisualStudioVersion = 17.4.33110.190
MinimumVisualStudioVersion = 10.0.40219.1
Project("{FAE04EC0-301F-11D3-BF4B-00C04F79EFBC}") = "WpfControlLibrary4", "WpfControlLibrary4.csproj", "{513D1184-F839-4CDC-9DEE-AA8D6C0BF0BA}"
EndProject
Global
	GlobalSection(SolutionConfigurationPlatforms) = preSolution
		Debug|Any CPU = Debug|Any CPU
		Release|Any CPU = Release|Any CPU
	EndGlobalSection
	GlobalSection(ProjectConfigurationPlatforms) = postSolution
		{513D1184-F839-4CDC-9DEE-AA8D6C0BF0BA}.Debug|Any CPU.ActiveCfg = Debug|Any CPU
		{513D1184-F839-4CDC-9DEE-AA8D6C0BF0BA}.Debug|Any CPU.Build.0 = Debug|Any CPU
		{513D1184-F839-4CDC-9DEE-AA8D6C0BF0BA}.Release|Any CPU.ActiveCfg = Release|Any CPU
		{513D1184-F839-4CDC-9DEE-AA8D6C0BF0BA}.Release|Any CPU.Build.0 = Release|Any CPU
	EndGlobalSection
	GlobalSection(SolutionProperties) = preSolution
		HideSolutionNode = FALSE
	EndGlobalSection
	GlobalSection(ExtensibilityGlobals) = postSolution
		SolutionGuid = {AE2F7376-32CD-4988-BD42-2ACF496EC195}
	EndGlobalSection
EndGlobal
